
Microsoft Visual Studio Solution File, Format Version 12.00
# Visual Studio Version 17
VisualStudioVersion = 17.0.31903.59
MinimumVisualStudioVersion = 10.0.40219.1
Project("{FAE04EC0-301F-11D3-BF4B-00C04F79EFBC}") = "apiSusCopias", "apiSusCopias\apiSusCopias.csproj", "{654C8B23-235A-4743-9049-1904E4E421A5}"
EndProject
Project("{FAE04EC0-301F-11D3-BF4B-00C04F79EFBC}") = "webSusCopias", "webSusCopias\webSusCopias.csproj", "{DAF4F7F4-6450-4D4C-ACD3-13AD793CA20B}"
EndProject
Global
	GlobalSection(SolutionConfigurationPlatforms) = preSolution
		Debug|Any CPU = Debug|Any CPU
		Release|Any CPU = Release|Any CPU
	EndGlobalSection
	GlobalSection(ProjectConfigurationPlatforms) = postSolution
		{654C8B23-235A-4743-9049-1904E4E421A5}.Debug|Any CPU.ActiveCfg = Debug|Any CPU
		{654C8B23-235A-4743-9049-1904E4E421A5}.Debug|Any CPU.Build.0 = Debug|Any CPU
		{654C8B23-235A-4743-9049-1904E4E421A5}.Release|Any CPU.ActiveCfg = Release|Any CPU
		{654C8B23-235A-4743-9049-1904E4E421A5}.Release|Any CPU.Build.0 = Release|Any CPU
		{DAF4F7F4-6450-4D4C-ACD3-13AD793CA20B}.Debug|Any CPU.ActiveCfg = Debug|Any CPU
		{DAF4F7F4-6450-4D4C-ACD3-13AD793CA20B}.Debug|Any CPU.Build.0 = Debug|Any CPU
		{DAF4F7F4-6450-4D4C-ACD3-13AD793CA20B}.Release|Any CPU.ActiveCfg = Release|Any CPU
		{DAF4F7F4-6450-4D4C-ACD3-13AD793CA20B}.Release|Any CPU.Build.0 = Release|Any CPU
	EndGlobalSection
	GlobalSection(SolutionProperties) = preSolution
		HideSolutionNode = FALSE
	EndGlobalSection
	GlobalSection(ExtensibilityGlobals) = postSolution
		SolutionGuid = {747B7C65-05C3-41B2-B997-E496629C1B63}
	EndGlobalSection
EndGlobal
